
Microsoft Visual Studio Solution File, Format Version 12.00
# Visual Studio Version 17
VisualStudioVersion = 17.9.34723.18
MinimumVisualStudioVersion = 10.0.40219.1
Project("{9A19103F-16F7-4668-BE54-9A1E7A4F7556}") = "RPtest", "RPtest.csproj", "{F6EA39E7-0C58-49BC-B50C-768C846A6130}"
EndProject
Global
	GlobalSection(SolutionConfigurationPlatforms) = preSolution
		Debug|Any CPU = Debug|Any CPU
		Release|Any CPU = Release|Any CPU
	EndGlobalSection
	GlobalSection(ProjectConfigurationPlatforms) = postSolution
		{F6EA39E7-0C58-49BC-B50C-768C846A6130}.Debug|Any CPU.ActiveCfg = Debug|Any CPU
		{F6EA39E7-0C58-49BC-B50C-768C846A6130}.Debug|Any CPU.Build.0 = Debug|Any CPU
		{F6EA39E7-0C58-49BC-B50C-768C846A6130}.Release|Any CPU.ActiveCfg = Release|Any CPU
		{F6EA39E7-0C58-49BC-B50C-768C846A6130}.Release|Any CPU.Build.0 = Release|Any CPU
	EndGlobalSection
	GlobalSection(SolutionProperties) = preSolution
		HideSolutionNode = FALSE
	EndGlobalSection
	GlobalSection(ExtensibilityGlobals) = postSolution
		SolutionGuid = {8A152289-C711-443C-AD5A-50A627314B1C}
	EndGlobalSection
EndGlobal
